// !$*UTF8*$!
{
	archiveVersion = 1;
	classes = {
	};
	objectVersion = 46;
	objects = {

/* Begin PBXBuildFile section */
		A07820B61878CC1B009AD328 /* Foundation.framework in Frameworks */ = {isa = PBXBuildFile; fileRef = A07820B51878CC1B009AD328 /* Foundation.framework */; };
		A07820B81878CC1B009AD328 /* CoreGraphics.framework in Frameworks */ = {isa = PBXBuildFile; fileRef = A07820B71878CC1B009AD328 /* CoreGraphics.framework */; };
		A07820BA1878CC1B009AD328 /* UIKit.framework in Frameworks */ = {isa = PBXBuildFile; fileRef = A07820B91878CC1B009AD328 /* UIKit.framework */; };
		A07820BC1878CC1C009AD328 /* SpriteKit.framework in Frameworks */ = {isa = PBXBuildFile; fileRef = A07820BB1878CC1C009AD328 /* SpriteKit.framework */; };
		A07820C21878CC1C009AD328 /* InfoPlist.strings in Resources */ = {isa = PBXBuildFile; fileRef = A07820C01878CC1C009AD328 /* InfoPlist.strings */; };
		A07820C41878CC1C009AD328 /* main.m in Sources */ = {isa = PBXBuildFile; fileRef = A07820C31878CC1C009AD328 /* main.m */; };
		A07820C81878CC1C009AD328 /* AppDelegate.m in Sources */ = {isa = PBXBuildFile; fileRef = A07820C71878CC1C009AD328 /* AppDelegate.m */; };
		A07820CB1878CC1C009AD328 /* Main.storyboard in Resources */ = {isa = PBXBuildFile; fileRef = A07820C91878CC1C009AD328 /* Main.storyboard */; };
		A07820CE1878CC1C009AD328 /* ViewController.m in Sources */ = {isa = PBXBuildFile; fileRef = A07820CD1878CC1C009AD328 /* ViewController.m */; };
		A07820D11878CC1C009AD328 /* MyScene.m in Sources */ = {isa = PBXBuildFile; fileRef = A07820D01878CC1C009AD328 /* MyScene.m */; };
		A07820D31878CC1C009AD328 /* Spaceship.png in Resources */ = {isa = PBXBuildFile; fileRef = A07820D21878CC1C009AD328 /* Spaceship.png */; };
		A07820D51878CC1C009AD328 /* Images.xcassets in Resources */ = {isa = PBXBuildFile; fileRef = A07820D41878CC1C009AD328 /* Images.xcassets */; };
		A07820DC1878CC1C009AD328 /* XCTest.framework in Frameworks */ = {isa = PBXBuildFile; fileRef = A07820DB1878CC1C009AD328 /* XCTest.framework */; };
		A07820DD1878CC1C009AD328 /* Foundation.framework in Frameworks */ = {isa = PBXBuildFile; fileRef = A07820B51878CC1B009AD328 /* Foundation.framework */; };
		A07820DE1878CC1C009AD328 /* UIKit.framework in Frameworks */ = {isa = PBXBuildFile; fileRef = A07820B91878CC1B009AD328 /* UIKit.framework */; };
		A07820E61878CC1C009AD328 /* InfoPlist.strings in Resources */ = {isa = PBXBuildFile; fileRef = A07820E41878CC1C009AD328 /* InfoPlist.strings */; };
		A07820E81878CC1C009AD328 /* ZombieCongaTests.m in Sources */ = {isa = PBXBuildFile; fileRef = A07820E71878CC1C009AD328 /* ZombieCongaTests.m */; };
		A07821111878EFFB009AD328 /* background.png in Resources */ = {isa = PBXBuildFile; fileRef = A07820F41878EFFB009AD328 /* background.png */; };
		A07821131878EFFB009AD328 /* background@2x.png in Resources */ = {isa = PBXBuildFile; fileRef = A07820F61878EFFB009AD328 /* background@2x.png */; };
		A07821141878EFFB009AD328 /* MainMenu.png in Resources */ = {isa = PBXBuildFile; fileRef = A07820F71878EFFB009AD328 /* MainMenu.png */; };
		A07821151878EFFB009AD328 /* MainMenu@2x.png in Resources */ = {isa = PBXBuildFile; fileRef = A07820F81878EFFB009AD328 /* MainMenu@2x.png */; };
		A07821161878EFFB009AD328 /* YouLose.png in Resources */ = {isa = PBXBuildFile; fileRef = A07820F91878EFFB009AD328 /* YouLose.png */; };
		A07821171878EFFB009AD328 /* YouLose@2x.png in Resources */ = {isa = PBXBuildFile; fileRef = A07820FA1878EFFB009AD328 /* YouLose@2x.png */; };
		A07821181878EFFB009AD328 /* YouWin.png in Resources */ = {isa = PBXBuildFile; fileRef = A07820FB1878EFFB009AD328 /* YouWin.png */; };
		A07821191878EFFB009AD328 /* YouWin@2x.png in Resources */ = {isa = PBXBuildFile; fileRef = A07820FC1878EFFB009AD328 /* YouWin@2x.png */; };
		A078211A1878EFFB009AD328 /* bgMusic.mp3 in Resources */ = {isa = PBXBuildFile; fileRef = A07820FE1878EFFB009AD328 /* bgMusic.mp3 */; };
		A078211B1878EFFB009AD328 /* hitCat.wav in Resources */ = {isa = PBXBuildFile; fileRef = A07820FF1878EFFB009AD328 /* hitCat.wav */; };
		A078211C1878EFFB009AD328 /* hitCatLady.wav in Resources */ = {isa = PBXBuildFile; fileRef = A07821001878EFFB009AD328 /* hitCatLady.wav */; };
		A078211D1878EFFB009AD328 /* lose.wav in Resources */ = {isa = PBXBuildFile; fileRef = A07821011878EFFB009AD328 /* lose.wav */; };
		A078211E1878EFFB009AD328 /* win.wav in Resources */ = {isa = PBXBuildFile; fileRef = A07821021878EFFB009AD328 /* win.wav */; };
		A078211F1878EFFB009AD328 /* cat.png in Resources */ = {isa = PBXBuildFile; fileRef = A07821041878EFFB009AD328 /* cat.png */; };
		A07821201878EFFB009AD328 /* cat@2x.png in Resources */ = {isa = PBXBuildFile; fileRef = A07821051878EFFB009AD328 /* cat@2x.png */; };
		A07821211878EFFB009AD328 /* enemy.png in Resources */ = {isa = PBXBuildFile; fileRef = A07821061878EFFB009AD328 /* enemy.png */; };
		A07821221878EFFB009AD328 /* enemy@2x.png in Resources */ = {isa = PBXBuildFile; fileRef = A07821071878EFFB009AD328 /* enemy@2x.png */; };
		A07821231878EFFB009AD328 /* zombie1.png in Resources */ = {isa = PBXBuildFile; fileRef = A07821081878EFFB009AD328 /* zombie1.png */; };
		A07821241878EFFB009AD328 /* zombie1@2x.png in Resources */ = {isa = PBXBuildFile; fileRef = A07821091878EFFB009AD328 /* zombie1@2x.png */; };
		A07821251878EFFB009AD328 /* zombie2.png in Resources */ = {isa = PBXBuildFile; fileRef = A078210A1878EFFB009AD328 /* zombie2.png */; };
		A07821261878EFFB009AD328 /* zombie2@2x.png in Resources */ = {isa = PBXBuildFile; fileRef = A078210B1878EFFB009AD328 /* zombie2@2x.png */; };
		A07821271878EFFB009AD328 /* zombie3.png in Resources */ = {isa = PBXBuildFile; fileRef = A078210C1878EFFB009AD328 /* zombie3.png */; };
		A07821281878EFFB009AD328 /* zombie3@2x.png in Resources */ = {isa = PBXBuildFile; fileRef = A078210D1878EFFB009AD328 /* zombie3@2x.png */; };
		A07821291878EFFB009AD328 /* zombie4.png in Resources */ = {isa = PBXBuildFile; fileRef = A078210E1878EFFB009AD328 /* zombie4.png */; };
		A078212A1878EFFB009AD328 /* zombie4@2x.png in Resources */ = {isa = PBXBuildFile; fileRef = A078210F1878EFFB009AD328 /* zombie4@2x.png */; };
		A0EBB87318A64C9500A7B77F /* GameOverScene.m in Sources */ = {isa = PBXBuildFile; fileRef = A0EBB87218A64C9500A7B77F /* GameOverScene.m */; };
		A0EBB87618A65D8500A7B77F /* MainMenuScene.m in Sources */ = {isa = PBXBuildFile; fileRef = A0EBB87518A65D8500A7B77F /* MainMenuScene.m */; };
/* End PBXBuildFile section */

/* Begin PBXContainerItemProxy section */
		A07820DF1878CC1C009AD328 /* PBXContainerItemProxy */ = {
			isa = PBXContainerItemProxy;
			containerPortal = A07820AA1878CC1B009AD328 /* Project object */;
			proxyType = 1;
			remoteGlobalIDString = A07820B11878CC1B009AD328;
			remoteInfo = ZombieConga;
		};
/* End PBXContainerItemProxy section */

/* Begin PBXFileReference section */
		A07820B21878CC1B009AD328 /* ZombieConga.app */ = {isa = PBXFileReference; explicitFileType = wrapper.application; includeInIndex = 0; path = ZombieConga.app; sourceTree = BUILT_PRODUCTS_DIR; };
		A07820B51878CC1B009AD328 /* Foundation.framework */ = {isa = PBXFileReference; lastKnownFileType = wrapper.framework; name = Foundation.framework; path = System/Library/Frameworks/Foundation.framework; sourceTree = SDKROOT; };
		A07820B71878CC1B009AD328 /* CoreGraphics.framework */ = {isa = PBXFileReference; lastKnownFileType = wrapper.framework; name = CoreGraphics.framework; path = System/Library/Frameworks/CoreGraphics.framework; sourceTree = SDKROOT; };
		A07820B91878CC1B009AD328 /* UIKit.framework */ = {isa = PBXFileReference; lastKnownFileType = wrapper.framework; name = UIKit.framework; path = System/Library/Frameworks/UIKit.framework; sourceTree = SDKROOT; };
		A07820BB1878CC1C009AD328 /* SpriteKit.framework */ = {isa = PBXFileReference; lastKnownFileType = wrapper.framework; name = SpriteKit.framework; path = System/Library/Frameworks/SpriteKit.framework; sourceTree = SDKROOT; };
		A07820BF1878CC1C009AD328 /* ZombieConga-Info.plist */ = {isa = PBXFileReference; lastKnownFileType = text.plist.xml; path = "ZombieConga-Info.plist"; sourceTree = "<group>"; };
		A07820C11878CC1C009AD328 /* en */ = {isa = PBXFileReference; lastKnownFileType = text.plist.strings; name = en; path = en.lproj/InfoPlist.strings; sourceTree = "<group>"; };
		A07820C31878CC1C009AD328 /* main.m */ = {isa = PBXFileReference; lastKnownFileType = sourcecode.c.objc; path = main.m; sourceTree = "<group>"; };
		A07820C51878CC1C009AD328 /* ZombieConga-Prefix.pch */ = {isa = PBXFileReference; lastKnownFileType = sourcecode.c.h; path = "ZombieConga-Prefix.pch"; sourceTree = "<group>"; };
		A07820C61878CC1C009AD328 /* AppDelegate.h */ = {isa = PBXFileReference; lastKnownFileType = sourcecode.c.h; path = AppDelegate.h; sourceTree = "<group>"; };
		A07820C71878CC1C009AD328 /* AppDelegate.m */ = {isa = PBXFileReference; lastKnownFileType = sourcecode.c.objc; path = AppDelegate.m; sourceTree = "<group>"; };
		A07820CA1878CC1C009AD328 /* Base */ = {isa = PBXFileReference; lastKnownFileType = file.storyboard; name = Base; path = Base.lproj/Main.storyboard; sourceTree = "<group>"; };
		A07820CC1878CC1C009AD328 /* ViewController.h */ = {isa = PBXFileReference; lastKnownFileType = sourcecode.c.h; path = ViewController.h; sourceTree = "<group>"; };
		A07820CD1878CC1C009AD328 /* ViewController.m */ = {isa = PBXFileReference; lastKnownFileType = sourcecode.c.objc; path = ViewController.m; sourceTree = "<group>"; };
		A07820CF1878CC1C009AD328 /* MyScene.h */ = {isa = PBXFileReference; lastKnownFileType = sourcecode.c.h; path = MyScene.h; sourceTree = "<group>"; };
		A07820D01878CC1C009AD328 /* MyScene.m */ = {isa = PBXFileReference; lastKnownFileType = sourcecode.c.objc; path = MyScene.m; sourceTree = "<group>"; };
		A07820D21878CC1C009AD328 /* Spaceship.png */ = {isa = PBXFileReference; lastKnownFileType = image.png; path = Spaceship.png; sourceTree = "<group>"; };
		A07820D41878CC1C009AD328 /* Images.xcassets */ = {isa = PBXFileReference; lastKnownFileType = folder.assetcatalog; path = Images.xcassets; sourceTree = "<group>"; };
		A07820DA1878CC1C009AD328 /* ZombieCongaTests.xctest */ = {isa = PBXFileReference; explicitFileType = wrapper.cfbundle; includeInIndex = 0; path = ZombieCongaTests.xctest; sourceTree = BUILT_PRODUCTS_DIR; };
		A07820DB1878CC1C009AD328 /* XCTest.framework */ = {isa = PBXFileReference; lastKnownFileType = wrapper.framework; name = XCTest.framework; path = Library/Frameworks/XCTest.framework; sourceTree = DEVELOPER_DIR; };
		A07820E31878CC1C009AD328 /* ZombieCongaTests-Info.plist */ = {isa = PBXFileReference; lastKnownFileType = text.plist.xml; path = "ZombieCongaTests-Info.plist"; sourceTree = "<group>"; };
		A07820E51878CC1C009AD328 /* en */ = {isa = PBXFileReference; lastKnownFileType = text.plist.strings; name = en; path = en.lproj/InfoPlist.strings; sourceTree = "<group>"; };
		A07820E71878CC1C009AD328 /* ZombieCongaTests.m */ = {isa = PBXFileReference; lastKnownFileType = sourcecode.c.objc; path = ZombieCongaTests.m; sourceTree = "<group>"; };
		A07820F41878EFFB009AD328 /* background.png */ = {isa = PBXFileReference; lastKnownFileType = image.png; path = background.png; sourceTree = "<group>"; };
		A07820F61878EFFB009AD328 /* background@2x.png */ = {isa = PBXFileReference; lastKnownFileType = image.png; path = "background@2x.png"; sourceTree = "<group>"; };
		A07820F71878EFFB009AD328 /* MainMenu.png */ = {isa = PBXFileReference; lastKnownFileType = image.png; path = MainMenu.png; sourceTree = "<group>"; };
		A07820F81878EFFB009AD328 /* MainMenu@2x.png */ = {isa = PBXFileReference; lastKnownFileType = image.png; path = "MainMenu@2x.png"; sourceTree = "<group>"; };
		A07820F91878EFFB009AD328 /* YouLose.png */ = {isa = PBXFileReference; lastKnownFileType = image.png; path = YouLose.png; sourceTree = "<group>"; };
		A07820FA1878EFFB009AD328 /* YouLose@2x.png */ = {isa = PBXFileReference; lastKnownFileType = image.png; path = "YouLose@2x.png"; sourceTree = "<group>"; };
		A07820FB1878EFFB009AD328 /* YouWin.png */ = {isa = PBXFileReference; lastKnownFileType = image.png; path = YouWin.png; sourceTree = "<group>"; };
		A07820FC1878EFFB009AD328 /* YouWin@2x.png */ = {isa = PBXFileReference; lastKnownFileType = image.png; path = "YouWin@2x.png"; sourceTree = "<group>"; };
		A07820FE1878EFFB009AD328 /* bgMusic.mp3 */ = {isa = PBXFileReference; lastKnownFileType = audio.mp3; path = bgMusic.mp3; sourceTree = "<group>"; };
		A07820FF1878EFFB009AD328 /* hitCat.wav */ = {isa = PBXFileReference; lastKnownFileType = audio.wav; path = hitCat.wav; sourceTree = "<group>"; };
		A07821001878EFFB009AD328 /* hitCatLady.wav */ = {isa = PBXFileReference; lastKnownFileType = audio.wav; path = hitCatLady.wav; sourceTree = "<group>"; };
		A07821011878EFFB009AD328 /* lose.wav */ = {isa = PBXFileReference; lastKnownFileType = audio.wav; path = lose.wav; sourceTree = "<group>"; };
		A07821021878EFFB009AD328 /* win.wav */ = {isa = PBXFileReference; lastKnownFileType = audio.wav; path = win.wav; sourceTree = "<group>"; };
		A07821041878EFFB009AD328 /* cat.png */ = {isa = PBXFileReference; lastKnownFileType = image.png; path = cat.png; sourceTree = "<group>"; };
		A07821051878EFFB009AD328 /* cat@2x.png */ = {isa = PBXFileReference; lastKnownFileType = image.png; path = "cat@2x.png"; sourceTree = "<group>"; };
		A07821061878EFFB009AD328 /* enemy.png */ = {isa = PBXFileReference; lastKnownFileType = image.png; path = enemy.png; sourceTree = "<group>"; };
		A07821071878EFFB009AD328 /* enemy@2x.png */ = {isa = PBXFileReference; lastKnownFileType = image.png; path = "enemy@2x.png"; sourceTree = "<group>"; };
		A07821081878EFFB009AD328 /* zombie1.png */ = {isa = PBXFileReference; lastKnownFileType = image.png; path = zombie1.png; sourceTree = "<group>"; };
		A07821091878EFFB009AD328 /* zombie1@2x.png */ = {isa = PBXFileReference; lastKnownFileType = image.png; path = "zombie1@2x.png"; sourceTree = "<group>"; };
		A078210A1878EFFB009AD328 /* zombie2.png */ = {isa = PBXFileReference; lastKnownFileType = image.png; path = zombie2.png; sourceTree = "<group>"; };
		A078210B1878EFFB009AD328 /* zombie2@2x.png */ = {isa = PBXFileReference; lastKnownFileType = image.png; path = "zombie2@2x.png"; sourceTree = "<group>"; };
		A078210C1878EFFB009AD328 /* zombie3.png */ = {isa = PBXFileReference; lastKnownFileType = image.png; path = zombie3.png; sourceTree = "<group>"; };
		A078210D1878EFFB009AD328 /* zombie3@2x.png */ = {isa = PBXFileReference; lastKnownFileType = image.png; path = "zombie3@2x.png"; sourceTree = "<group>"; };
		A078210E1878EFFB009AD328 /* zombie4.png */ = {isa = PBXFileReference; lastKnownFileType = image.png; path = zombie4.png; sourceTree = "<group>"; };
		A078210F1878EFFB009AD328 /* zombie4@2x.png */ = {isa = PBXFileReference; lastKnownFileType = image.png; path = "zombie4@2x.png"; sourceTree = "<group>"; };
		A0EBB87118A64C9500A7B77F /* GameOverScene.h */ = {isa = PBXFileReference; fileEncoding = 4; lastKnownFileType = sourcecode.c.h; path = GameOverScene.h; sourceTree = "<group>"; };
		A0EBB87218A64C9500A7B77F /* GameOverScene.m */ = {isa = PBXFileReference; fileEncoding = 4; lastKnownFileType = sourcecode.c.objc; path = GameOverScene.m; sourceTree = "<group>"; };
		A0EBB87418A65D8500A7B77F /* MainMenuScene.h */ = {isa = PBXFileReference; fileEncoding = 4; lastKnownFileType = sourcecode.c.h; path = MainMenuScene.h; sourceTree = "<group>"; };
		A0EBB87518A65D8500A7B77F /* MainMenuScene.m */ = {isa = PBXFileReference; fileEncoding = 4; lastKnownFileType = sourcecode.c.objc; path = MainMenuScene.m; sourceTree = "<group>"; };
/* End PBXFileReference section */

/* Begin PBXFrameworksBuildPhase section */
		A07820AF1878CC1B009AD328 /* Frameworks */ = {
			isa = PBXFrameworksBuildPhase;
			buildActionMask = 2147483647;
			files = (
				A07820B81878CC1B009AD328 /* CoreGraphics.framework in Frameworks */,
				A07820BA1878CC1B009AD328 /* UIKit.framework in Frameworks */,
				A07820BC1878CC1C009AD328 /* SpriteKit.framework in Frameworks */,
				A07820B61878CC1B009AD328 /* Foundation.framework in Frameworks */,
			);
			runOnlyForDeploymentPostprocessing = 0;
		};
		A07820D71878CC1C009AD328 /* Frameworks */ = {
			isa = PBXFrameworksBuildPhase;
			buildActionMask = 2147483647;
			files = (
				A07820DC1878CC1C009AD328 /* XCTest.framework in Frameworks */,
				A07820DE1878CC1C009AD328 /* UIKit.framework in Frameworks */,
				A07820DD1878CC1C009AD328 /* Foundation.framework in Frameworks */,
			);
			runOnlyForDeploymentPostprocessing = 0;
		};
/* End PBXFrameworksBuildPhase section */

/* Begin PBXGroup section */
		A07820A91878CC1B009AD328 = {
			isa = PBXGroup;
			children = (
				A07820BD1878CC1C009AD328 /* ZombieConga */,
				A07820E11878CC1C009AD328 /* ZombieCongaTests */,
				A07820B41878CC1B009AD328 /* Frameworks */,
				A07820B31878CC1B009AD328 /* Products */,
			);
			sourceTree = "<group>";
		};
		A07820B31878CC1B009AD328 /* Products */ = {
			isa = PBXGroup;
			children = (
				A07820B21878CC1B009AD328 /* ZombieConga.app */,
				A07820DA1878CC1C009AD328 /* ZombieCongaTests.xctest */,
			);
			name = Products;
			sourceTree = "<group>";
		};
		A07820B41878CC1B009AD328 /* Frameworks */ = {
			isa = PBXGroup;
			children = (
				A07820B51878CC1B009AD328 /* Foundation.framework */,
				A07820B71878CC1B009AD328 /* CoreGraphics.framework */,
				A07820B91878CC1B009AD328 /* UIKit.framework */,
				A07820BB1878CC1C009AD328 /* SpriteKit.framework */,
				A07820DB1878CC1C009AD328 /* XCTest.framework */,
			);
			name = Frameworks;
			sourceTree = "<group>";
		};
		A07820BD1878CC1C009AD328 /* ZombieConga */ = {
			isa = PBXGroup;
			children = (
				A07820F11878EFFB009AD328 /* Art */,
				A07820C61878CC1C009AD328 /* AppDelegate.h */,
				A07820C71878CC1C009AD328 /* AppDelegate.m */,
				A07820C91878CC1C009AD328 /* Main.storyboard */,
				A07820CC1878CC1C009AD328 /* ViewController.h */,
				A07820CD1878CC1C009AD328 /* ViewController.m */,
				A07820CF1878CC1C009AD328 /* MyScene.h */,
				A07820D01878CC1C009AD328 /* MyScene.m */,
				A0EBB87118A64C9500A7B77F /* GameOverScene.h */,
				A0EBB87218A64C9500A7B77F /* GameOverScene.m */,
				A0EBB87418A65D8500A7B77F /* MainMenuScene.h */,
				A0EBB87518A65D8500A7B77F /* MainMenuScene.m */,
				A07820D21878CC1C009AD328 /* Spaceship.png */,
				A07820D41878CC1C009AD328 /* Images.xcassets */,
				A07820BE1878CC1C009AD328 /* Supporting Files */,
			);
			path = ZombieConga;
			sourceTree = "<group>";
		};
		A07820BE1878CC1C009AD328 /* Supporting Files */ = {
			isa = PBXGroup;
			children = (
				A07820BF1878CC1C009AD328 /* ZombieConga-Info.plist */,
				A07820C01878CC1C009AD328 /* InfoPlist.strings */,
				A07820C31878CC1C009AD328 /* main.m */,
				A07820C51878CC1C009AD328 /* ZombieConga-Prefix.pch */,
			);
			name = "Supporting Files";
			sourceTree = "<group>";
		};
		A07820E11878CC1C009AD328 /* ZombieCongaTests */ = {
			isa = PBXGroup;
			children = (
				A07820E71878CC1C009AD328 /* ZombieCongaTests.m */,
				A07820E21878CC1C009AD328 /* Supporting Files */,
			);
			path = ZombieCongaTests;
			sourceTree = "<group>";
		};
		A07820E21878CC1C009AD328 /* Supporting Files */ = {
			isa = PBXGroup;
			children = (
				A07820E31878CC1C009AD328 /* ZombieCongaTests-Info.plist */,
				A07820E41878CC1C009AD328 /* InfoPlist.strings */,
			);
			name = "Supporting Files";
			sourceTree = "<group>";
		};
		A07820F11878EFFB009AD328 /* Art */ = {
			isa = PBXGroup;
			children = (
				A07820F21878EFFB009AD328 /* Backgrounds */,
				A07820FD1878EFFB009AD328 /* Sounds */,
				A07821031878EFFB009AD328 /* sprites */,
			);
			path = Art;
			sourceTree = "<group>";
		};
		A07820F21878EFFB009AD328 /* Backgrounds */ = {
			isa = PBXGroup;
			children = (
				A07820F41878EFFB009AD328 /* background.png */,
				A07820F61878EFFB009AD328 /* background@2x.png */,
				A07820F71878EFFB009AD328 /* MainMenu.png */,
				A07820F81878EFFB009AD328 /* MainMenu@2x.png */,
				A07820F91878EFFB009AD328 /* YouLose.png */,
				A07820FA1878EFFB009AD328 /* YouLose@2x.png */,
				A07820FB1878EFFB009AD328 /* YouWin.png */,
				A07820FC1878EFFB009AD328 /* YouWin@2x.png */,
			);
			path = Backgrounds;
			sourceTree = "<group>";
		};
		A07820FD1878EFFB009AD328 /* Sounds */ = {
			isa = PBXGroup;
			children = (
				A07820FE1878EFFB009AD328 /* bgMusic.mp3 */,
				A07820FF1878EFFB009AD328 /* hitCat.wav */,
				A07821001878EFFB009AD328 /* hitCatLady.wav */,
				A07821011878EFFB009AD328 /* lose.wav */,
				A07821021878EFFB009AD328 /* win.wav */,
			);
			path = Sounds;
			sourceTree = "<group>";
		};
		A07821031878EFFB009AD328 /* sprites */ = {
			isa = PBXGroup;
			children = (
				A07821041878EFFB009AD328 /* cat.png */,
				A07821051878EFFB009AD328 /* cat@2x.png */,
				A07821061878EFFB009AD328 /* enemy.png */,
				A07821071878EFFB009AD328 /* enemy@2x.png */,
				A07821081878EFFB009AD328 /* zombie1.png */,
				A07821091878EFFB009AD328 /* zombie1@2x.png */,
				A078210A1878EFFB009AD328 /* zombie2.png */,
				A078210B1878EFFB009AD328 /* zombie2@2x.png */,
				A078210C1878EFFB009AD328 /* zombie3.png */,
				A078210D1878EFFB009AD328 /* zombie3@2x.png */,
				A078210E1878EFFB009AD328 /* zombie4.png */,
				A078210F1878EFFB009AD328 /* zombie4@2x.png */,
			);
			path = sprites;
			sourceTree = "<group>";
		};
/* End PBXGroup section */

/* Begin PBXNativeTarget section */
		A07820B11878CC1B009AD328 /* ZombieConga */ = {
			isa = PBXNativeTarget;
			buildConfigurationList = A07820EB1878CC1C009AD328 /* Build configuration list for PBXNativeTarget "ZombieConga" */;
			buildPhases = (
				A07820AE1878CC1B009AD328 /* Sources */,
				A07820AF1878CC1B009AD328 /* Frameworks */,
				A07820B01878CC1B009AD328 /* Resources */,
			);
			buildRules = (
			);
			dependencies = (
			);
			name = ZombieConga;
			productName = ZombieConga;
			productReference = A07820B21878CC1B009AD328 /* ZombieConga.app */;
			productType = "com.apple.product-type.application";
		};
		A07820D91878CC1C009AD328 /* ZombieCongaTests */ = {
			isa = PBXNativeTarget;
			buildConfigurationList = A07820EE1878CC1C009AD328 /* Build configuration list for PBXNativeTarget "ZombieCongaTests" */;
			buildPhases = (
				A07820D61878CC1C009AD328 /* Sources */,
				A07820D71878CC1C009AD328 /* Frameworks */,
				A07820D81878CC1C009AD328 /* Resources */,
			);
			buildRules = (
			);
			dependencies = (
				A07820E01878CC1C009AD328 /* PBXTargetDependency */,
			);
			name = ZombieCongaTests;
			productName = ZombieCongaTests;
			productReference = A07820DA1878CC1C009AD328 /* ZombieCongaTests.xctest */;
			productType = "com.apple.product-type.bundle.unit-test";
		};
/* End PBXNativeTarget section */

/* Begin PBXProject section */
		A07820AA1878CC1B009AD328 /* Project object */ = {
			isa = PBXProject;
			attributes = {
				LastUpgradeCheck = 0500;
				ORGANIZATIONNAME = "Luis Flores";
				TargetAttributes = {
					A07820D91878CC1C009AD328 = {
						TestTargetID = A07820B11878CC1B009AD328;
					};
				};
			};
			buildConfigurationList = A07820AD1878CC1B009AD328 /* Build configuration list for PBXProject "ZombieConga" */;
			compatibilityVersion = "Xcode 3.2";
			developmentRegion = English;
			hasScannedForEncodings = 0;
			knownRegions = (
				en,
				Base,
			);
			mainGroup = A07820A91878CC1B009AD328;
			productRefGroup = A07820B31878CC1B009AD328 /* Products */;
			projectDirPath = "";
			projectRoot = "";
			targets = (
				A07820B11878CC1B009AD328 /* ZombieConga */,
				A07820D91878CC1C009AD328 /* ZombieCongaTests */,
			);
		};
/* End PBXProject section */

/* Begin PBXResourcesBuildPhase section */
		A07820B01878CC1B009AD328 /* Resources */ = {
			isa = PBXResourcesBuildPhase;
			buildActionMask = 2147483647;
			files = (
				A07821141878EFFB009AD328 /* MainMenu.png in Resources */,
				A07821211878EFFB009AD328 /* enemy.png in Resources */,
				A078211A1878EFFB009AD328 /* bgMusic.mp3 in Resources */,
				A078212A1878EFFB009AD328 /* zombie4@2x.png in Resources */,
				A078211B1878EFFB009AD328 /* hitCat.wav in Resources */,
				A07821151878EFFB009AD328 /* MainMenu@2x.png in Resources */,
				A07821111878EFFB009AD328 /* background.png in Resources */,
				A07820C21878CC1C009AD328 /* InfoPlist.strings in Resources */,
				A07821161878EFFB009AD328 /* YouLose.png in Resources */,
				A07821251878EFFB009AD328 /* zombie2.png in Resources */,
				A07821191878EFFB009AD328 /* YouWin@2x.png in Resources */,
				A078211F1878EFFB009AD328 /* cat.png in Resources */,
				A07821171878EFFB009AD328 /* YouLose@2x.png in Resources */,
				A07821261878EFFB009AD328 /* zombie2@2x.png in Resources */,
				A07821231878EFFB009AD328 /* zombie1.png in Resources */,
				A07821291878EFFB009AD328 /* zombie4.png in Resources */,
				A07821181878EFFB009AD328 /* YouWin.png in Resources */,
				A078211E1878EFFB009AD328 /* win.wav in Resources */,
				A07820D51878CC1C009AD328 /* Images.xcassets in Resources */,
				A07821241878EFFB009AD328 /* zombie1@2x.png in Resources */,
				A07821201878EFFB009AD328 /* cat@2x.png in Resources */,
				A07820D31878CC1C009AD328 /* Spaceship.png in Resources */,
				A07821131878EFFB009AD328 /* background@2x.png in Resources */,
				A07821281878EFFB009AD328 /* zombie3@2x.png in Resources */,
				A078211D1878EFFB009AD328 /* lose.wav in Resources */,
				A07820CB1878CC1C009AD328 /* Main.storyboard in Resources */,
				A078211C1878EFFB009AD328 /* hitCatLady.wav in Resources */,
				A07821221878EFFB009AD328 /* enemy@2x.png in Resources */,
				A07821271878EFFB009AD328 /* zombie3.png in Resources */,
			);
			runOnlyForDeploymentPostprocessing = 0;
		};
		A07820D81878CC1C009AD328 /* Resources */ = {
			isa = PBXResourcesBuildPhase;
			buildActionMask = 2147483647;
			files = (
				A07820E61878CC1C009AD328 /* InfoPlist.strings in Resources */,
			);
			runOnlyForDeploymentPostprocessing = 0;
		};
/* End PBXResourcesBuildPhase section */

/* Begin PBXSourcesBuildPhase section */
		A07820AE1878CC1B009AD328 /* Sources */ = {
			isa = PBXSourcesBuildPhase;
			buildActionMask = 2147483647;
			files = (
				A0EBB87318A64C9500A7B77F /* GameOverScene.m in Sources */,
				A07820D11878CC1C009AD328 /* MyScene.m in Sources */,
				A07820CE1878CC1C009AD328 /* ViewController.m in Sources */,
				A07820C81878CC1C009AD328 /* AppDelegate.m in Sources */,
				A0EBB87618A65D8500A7B77F /* MainMenuScene.m in Sources */,
				A07820C41878CC1C009AD328 /* main.m in Sources */,
			);
			runOnlyForDeploymentPostprocessing = 0;
		};
		A07820D61878CC1C009AD328 /* Sources */ = {
			isa = PBXSourcesBuildPhase;
			buildActionMask = 2147483647;
			files = (
				A07820E81878CC1C009AD328 /* ZombieCongaTests.m in Sources */,
			);
			runOnlyForDeploymentPostprocessing = 0;
		};
/* End PBXSourcesBuildPhase section */

/* Begin PBXTargetDependency section */
		A07820E01878CC1C009AD328 /* PBXTargetDependency */ = {
			isa = PBXTargetDependency;
			target = A07820B11878CC1B009AD328 /* ZombieConga */;
			targetProxy = A07820DF1878CC1C009AD328 /* PBXContainerItemProxy */;
		};
/* End PBXTargetDependency section */

/* Begin PBXVariantGroup section */
		A07820C01878CC1C009AD328 /* InfoPlist.strings */ = {
			isa = PBXVariantGroup;
			children = (
				A07820C11878CC1C009AD328 /* en */,
			);
			name = InfoPlist.strings;
			sourceTree = "<group>";
		};
		A07820C91878CC1C009AD328 /* Main.storyboard */ = {
			isa = PBXVariantGroup;
			children = (
				A07820CA1878CC1C009AD328 /* Base */,
			);
			name = Main.storyboard;
			sourceTree = "<group>";
		};
		A07820E41878CC1C009AD328 /* InfoPlist.strings */ = {
			isa = PBXVariantGroup;
			children = (
				A07820E51878CC1C009AD328 /* en */,
			);
			name = InfoPlist.strings;
			sourceTree = "<group>";
		};
/* End PBXVariantGroup section */

/* Begin XCBuildConfiguration section */
		A07820E91878CC1C009AD328 /* Debug */ = {
			isa = XCBuildConfiguration;
			buildSettings = {
				ALWAYS_SEARCH_USER_PATHS = NO;
				ARCHS = "$(ARCHS_STANDARD_INCLUDING_64_BIT)";
				CLANG_CXX_LANGUAGE_STANDARD = "gnu++0x";
				CLANG_CXX_LIBRARY = "libc++";
				CLANG_ENABLE_MODULES = YES;
				CLANG_ENABLE_OBJC_ARC = YES;
				CLANG_WARN_BOOL_CONVERSION = YES;
				CLANG_WARN_CONSTANT_CONVERSION = YES;
				CLANG_WARN_DIRECT_OBJC_ISA_USAGE = YES_ERROR;
				CLANG_WARN_EMPTY_BODY = YES;
				CLANG_WARN_ENUM_CONVERSION = YES;
				CLANG_WARN_INT_CONVERSION = YES;
				CLANG_WARN_OBJC_ROOT_CLASS = YES_ERROR;
				CLANG_WARN__DUPLICATE_METHOD_MATCH = YES;
				"CODE_SIGN_IDENTITY[sdk=iphoneos*]" = "iPhone Developer";
				COPY_PHASE_STRIP = NO;
				GCC_C_LANGUAGE_STANDARD = gnu99;
				GCC_DYNAMIC_NO_PIC = NO;
				GCC_OPTIMIZATION_LEVEL = 0;
				GCC_PREPROCESSOR_DEFINITIONS = (
					"DEBUG=1",
					"$(inherited)",
				);
				GCC_SYMBOLS_PRIVATE_EXTERN = NO;
				GCC_WARN_64_TO_32_BIT_CONVERSION = YES;
				GCC_WARN_ABOUT_RETURN_TYPE = YES_ERROR;
				GCC_WARN_UNDECLARED_SELECTOR = YES;
				GCC_WARN_UNINITIALIZED_AUTOS = YES;
				GCC_WARN_UNUSED_FUNCTION = YES;
				GCC_WARN_UNUSED_VARIABLE = YES;
				IPHONEOS_DEPLOYMENT_TARGET = 7.0;
				ONLY_ACTIVE_ARCH = YES;
				SDKROOT = iphoneos;
			};
			name = Debug;
		};
		A07820EA1878CC1C009AD328 /* Release */ = {
			isa = XCBuildConfiguration;
			buildSettings = {
				ALWAYS_SEARCH_USER_PATHS = NO;
				ARCHS = "$(ARCHS_STANDARD_INCLUDING_64_BIT)";
				CLANG_CXX_LANGUAGE_STANDARD = "gnu++0x";
				CLANG_CXX_LIBRARY = "libc++";
				CLANG_ENABLE_MODULES = YES;
				CLANG_ENABLE_OBJC_ARC = YES;
				CLANG_WARN_BOOL_CONVERSION = YES;
				CLANG_WARN_CONSTANT_CONVERSION = YES;
				CLANG_WARN_DIRECT_OBJC_ISA_USAGE = YES_ERROR;
				CLANG_WARN_EMPTY_BODY = YES;
				CLANG_WARN_ENUM_CONVERSION = YES;
				CLANG_WARN_INT_CONVERSION = YES;
				CLANG_WARN_OBJC_ROOT_CLASS = YES_ERROR;
				CLANG_WARN__DUPLICATE_METHOD_MATCH = YES;
				"CODE_SIGN_IDENTITY[sdk=iphoneos*]" = "iPhone Developer";
				COPY_PHASE_STRIP = YES;
				ENABLE_NS_ASSERTIONS = NO;
				GCC_C_LANGUAGE_STANDARD = gnu99;
				GCC_WARN_64_TO_32_BIT_CONVERSION = YES;
				GCC_WARN_ABOUT_RETURN_TYPE = YES_ERROR;
				GCC_WARN_UNDECLARED_SELECTOR = YES;
				GCC_WARN_UNINITIALIZED_AUTOS = YES;
				GCC_WARN_UNUSED_FUNCTION = YES;
				GCC_WARN_UNUSED_VARIABLE = YES;
				IPHONEOS_DEPLOYMENT_TARGET = 7.0;
				SDKROOT = iphoneos;
				VALIDATE_PRODUCT = YES;
			};
			name = Release;
		};
		A07820EC1878CC1C009AD328 /* Debug */ = {
			isa = XCBuildConfiguration;
			buildSettings = {
				ASSETCATALOG_COMPILER_APPICON_NAME = AppIcon;
				ASSETCATALOG_COMPILER_LAUNCHIMAGE_NAME = LaunchImage;
				GCC_PRECOMPILE_PREFIX_HEADER = YES;
				GCC_PREFIX_HEADER = "ZombieConga/ZombieConga-Prefix.pch";
				INFOPLIST_FILE = "ZombieConga/ZombieConga-Info.plist";
				PRODUCT_NAME = "$(TARGET_NAME)";
				SPRITEKIT_TEXTURE_ATLAS_OUTPUT = YES;
				WRAPPER_EXTENSION = app;
			};
			name = Debug;
		};
		A07820ED1878CC1C009AD328 /* Release */ = {
			isa = XCBuildConfiguration;
			buildSettings = {
				ASSETCATALOG_COMPILER_APPICON_NAME = AppIcon;
				ASSETCATALOG_COMPILER_LAUNCHIMAGE_NAME = LaunchImage;
				GCC_PRECOMPILE_PREFIX_HEADER = YES;
				GCC_PREFIX_HEADER = "ZombieConga/ZombieConga-Prefix.pch";
				INFOPLIST_FILE = "ZombieConga/ZombieConga-Info.plist";
				PRODUCT_NAME = "$(TARGET_NAME)";
				SPRITEKIT_TEXTURE_ATLAS_OUTPUT = YES;
				WRAPPER_EXTENSION = app;
			};
			name = Release;
		};
		A07820EF1878CC1C009AD328 /* Debug */ = {
			isa = XCBuildConfiguration;
			buildSettings = {
				ARCHS = "$(ARCHS_STANDARD_INCLUDING_64_BIT)";
				BUNDLE_LOADER = "$(BUILT_PRODUCTS_DIR)/ZombieConga.app/ZombieConga";
				FRAMEWORK_SEARCH_PATHS = (
					"$(SDKROOT)/Developer/Library/Frameworks",
					"$(inherited)",
					"$(DEVELOPER_FRAMEWORKS_DIR)",
				);
				GCC_PRECOMPILE_PREFIX_HEADER = YES;
				GCC_PREFIX_HEADER = "ZombieConga/ZombieConga-Prefix.pch";
				GCC_PREPROCESSOR_DEFINITIONS = (
					"DEBUG=1",
					"$(inherited)",
				);
				INFOPLIST_FILE = "ZombieCongaTests/ZombieCongaTests-Info.plist";
				PRODUCT_NAME = "$(TARGET_NAME)";
				TEST_HOST = "$(BUNDLE_LOADER)";
				WRAPPER_EXTENSION = xctest;
			};
			name = Debug;
		};
		A07820F01878CC1C009AD328 /* Release */ = {
			isa = XCBuildConfiguration;
			buildSettings = {
				ARCHS = "$(ARCHS_STANDARD_INCLUDING_64_BIT)";
				BUNDLE_LOADER = "$(BUILT_PRODUCTS_DIR)/ZombieConga.app/ZombieConga";
				FRAMEWORK_SEARCH_PATHS = (
					"$(SDKROOT)/Developer/Library/Frameworks",
					"$(inherited)",
					"$(DEVELOPER_FRAMEWORKS_DIR)",
				);
				GCC_PRECOMPILE_PREFIX_HEADER = YES;
				GCC_PREFIX_HEADER = "ZombieConga/ZombieConga-Prefix.pch";
				INFOPLIST_FILE = "ZombieCongaTests/ZombieCongaTests-Info.plist";
				PRODUCT_NAME = "$(TARGET_NAME)";
				TEST_HOST = "$(BUNDLE_LOADER)";
				WRAPPER_EXTENSION = xctest;
			};
			name = Release;
		};
/* End XCBuildConfiguration section */

/* Begin XCConfigurationList section */
		A07820AD1878CC1B009AD328 /* Build configuration list for PBXProject "ZombieConga" */ = {
			isa = XCConfigurationList;
			buildConfigurations = (
				A07820E91878CC1C009AD328 /* Debug */,
				A07820EA1878CC1C009AD328 /* Release */,
			);
			defaultConfigurationIsVisible = 0;
			defaultConfigurationName = Release;
		};
		A07820EB1878CC1C009AD328 /* Build configuration list for PBXNativeTarget "ZombieConga" */ = {
			isa = XCConfigurationList;
			buildConfigurations = (
				A07820EC1878CC1C009AD328 /* Debug */,
				A07820ED1878CC1C009AD328 /* Release */,
			);
			defaultConfigurationIsVisible = 0;
			defaultConfigurationName = Release;
		};
		A07820EE1878CC1C009AD328 /* Build configuration list for PBXNativeTarget "ZombieCongaTests" */ = {
			isa = XCConfigurationList;
			buildConfigurations = (
				A07820EF1878CC1C009AD328 /* Debug */,
				A07820F01878CC1C009AD328 /* Release */,
			);
			defaultConfigurationIsVisible = 0;
			defaultConfigurationName = Release;
		};
/* End XCConfigurationList section */
	};
	rootObject = A07820AA1878CC1B009AD328 /* Project object */;
}
